
Microsoft Visual Studio Solution File, Format Version 12.00
# Visual Studio Version 16
VisualStudioVersion = 16.0.30711.63
MinimumVisualStudioVersion = 10.0.40219.1
Project("{FAE04EC0-301F-11D3-BF4B-00C04F79EFBC}") = "FoodMachine", "FoodMachine\FoodMachine.csproj", "{9BAD4A62-4E00-44FD-89AF-E8521EDDA54C}"
EndProject
Global
	GlobalSection(SolutionConfigurationPlatforms) = preSolution
		Debug|Any CPU = Debug|Any CPU
		Release|Any CPU = Release|Any CPU
	EndGlobalSection
	GlobalSection(ProjectConfigurationPlatforms) = postSolution
		{9BAD4A62-4E00-44FD-89AF-E8521EDDA54C}.Debug|Any CPU.ActiveCfg = Debug|Any CPU
		{9BAD4A62-4E00-44FD-89AF-E8521EDDA54C}.Debug|Any CPU.Build.0 = Debug|Any CPU
		{9BAD4A62-4E00-44FD-89AF-E8521EDDA54C}.Release|Any CPU.ActiveCfg = Release|Any CPU
		{9BAD4A62-4E00-44FD-89AF-E8521EDDA54C}.Release|Any CPU.Build.0 = Release|Any CPU
	EndGlobalSection
	GlobalSection(SolutionProperties) = preSolution
		HideSolutionNode = FALSE
	EndGlobalSection
	GlobalSection(ExtensibilityGlobals) = postSolution
		SolutionGuid = {2A40EB7E-9FA4-4F5F-A252-40B8D2A0EC49}
	EndGlobalSection
EndGlobal
